# @generated - this file is auto-generated by `mise lock` https://mise.jdx.dev/dev-tools/mise-lock.html

[[tools.java]]
version = "temurin-21.0.12+101.0.LTS"
backend = "core:java"

[tools.java."platforms.linux-arm64"]
checksum = "sha256:23e37e026f12f3e706f18938ff611db3032d075b09d0879a25d06718c773e223"
url = "https://github.com/adoptium/temurin21-binaries/releases/download/jdk-21.0.12.1%2B1/OpenJDK21U-jdk_aarch64_linux_hotspot_21.0.12.1_1.tar.gz"

[tools.java."platforms.linux-x64"]
checksum = "sha256:ce79869e1307ed8ee1e2baa86a412b1eb5b75d10a01006d788a6f968bcfaee94"
url = "https://github.com/adoptium/temurin21-binaries/releases/download/jdk-21.0.12.1%2B1/OpenJDK21U-jdk_x64_linux_hotspot_21.0.12.1_1.tar.gz"

[tools.java."platforms.macos-arm64"]
checksum = "sha256:3623232f33a9c3baadf304480b2535f9a3cba8a58d42ecbb438ba267315d9998"
url = "https://github.com/adoptium/temurin21-binaries/releases/download/jdk-21.0.12.1%2B1/OpenJDK21U-jdk_aarch64_mac_hotspot_21.0.12.1_1.tar.gz"

[tools.java."platforms.macos-x64"]
checksum = "sha256:44db0f08196daf19a47f90d13388b0c943b67663cb537f998fe29e836fa842ce"
url = "https://github.com/adoptium/temurin21-binaries/releases/download/jdk-21.0.12.1%2B1/OpenJDK21U-jdk_x64_mac_hotspot_21.0.12.1_1.tar.gz"

[tools.java."platforms.windows-x64"]
checksum = "sha256:f9d6e191ab098c0d416e7d588a24420a8621cd2f4720dab2459b8b7b2d2d8b4e"
url = "https://github.com/adoptium/temurin21-binaries/releases/download/jdk-21.0.12.1%2B1/OpenJDK21U-jdk_x64_windows_hotspot_21.0.12.1_1.zip"

[[tools.node]]
version = "22.23.3"
backend = "core:node"

[tools.node."platforms.linux-arm64"]
checksum = "sha256:5ced2d48d1d7198739b7f86804de0171aefb6823b684b12341d3321afc3cb0b2"
url = "https://nodejs.org/dist/v22.23.3/node-v22.23.3-linux-arm64.tar.gz"

[tools.node."platforms.linux-x64"]
checksum = "sha256:1084aa36196bba4c3a5e69a1ee388a6e4ff729dad09445fbcd434b28fe3c24af"
url = "https://nodejs.org/dist/v22.23.3/node-v22.23.3-linux-x64.tar.gz"

[tools.node."platforms.macos-arm64"]
checksum = "sha256:23b25245dcfb9af7262f8ff142e9e2e0af025368117329e7a7458a51e5922f53"
url = "https://nodejs.org/dist/v22.23.3/node-v22.23.3-darwin-arm64.tar.gz"

[tools.node."platforms.macos-x64"]
checksum = "sha256:8a677b0219178efd6eb0e475457c4afb452b521a92f6e67845a73bd85727f2a8"
url = "https://nodejs.org/dist/v22.23.3/node-v22.23.3-darwin-x64.tar.gz"

[tools.node."platforms.windows-x64"]
checksum = "sha256:2b0ff57b049cda1bbcea2240eec20467018713c1efe1f7360c2681859b90ed71"
url = "https://nodejs.org/dist/v22.23.3/node-v22.23.3-win-x64.zip"

[[tools.npm]]
version = "11.16.0"
backend = "aqua:npm/cli"

[tools.npm."platforms.linux-arm64"]
url = "https://registry.npmjs.org/npm/-/npm-11.16.0.tgz"

[tools.npm."platforms.linux-x64"]
url = "https://registry.npmjs.org/npm/-/npm-11.16.0.tgz"

[tools.npm."platforms.macos-arm64"]
url = "https://registry.npmjs.org/npm/-/npm-11.16.0.tgz"

[tools.npm."platforms.macos-x64"]
url = "https://registry.npmjs.org/npm/-/npm-11.16.0.tgz"
